// !$*UTF8*$!
{
	archiveVersion = 1;
	classes = {
	};
	objectVersion = 46;
	objects = {

/* Begin PBXBuildFile section */
		4F515727BFD24717CE13C503 /* libPods-WLGallery.a in Frameworks */ = {isa = PBXBuildFile; fileRef = D33F72E9B02A84644BFA0582 /* libPods-WLGallery.a */; };
		81303FF21EB049FD002D54E7 /* YN_GalleryVC.m in Sources */ = {isa = PBXBuildFile; fileRef = 81303FF11EB049FD002D54E7 /* YN_GalleryVC.m */; };
		81303FF51EB04AE7002D54E7 /* Image_Show_VC.m in Sources */ = {isa = PBXBuildFile; fileRef = 81303FF41EB04AE7002D54E7 /* Image_Show_VC.m */; };
		81303FFA1EB04B98002D54E7 /* CircleProgressView.m in Sources */ = {isa = PBXBuildFile; fileRef = 81303FF91EB04B98002D54E7 /* CircleProgressView.m */; };
		81303FFE1EB04BC0002D54E7 /* ExifTableView.m in Sources */ = {isa = PBXBuildFile; fileRef = 81303FFD1EB04BC0002D54E7 /* ExifTableView.m */; };
		813040021EB04BF7002D54E7 /* WWimageExitInfo.m in Sources */ = {isa = PBXBuildFile; fileRef = 813040011EB04BF7002D54E7 /* WWimageExitInfo.m */; };
		8130400A1EB04C1B002D54E7 /* ClsDraw.m in Sources */ = {isa = PBXBuildFile; fileRef = 813040051EB04C1B002D54E7 /* ClsDraw.m */; };
		8130400B1EB04C1B002D54E7 /* ClsDrawPoint.m in Sources */ = {isa = PBXBuildFile; fileRef = 813040071EB04C1B002D54E7 /* ClsDrawPoint.m */; };
		8130400C1EB04C1B002D54E7 /* HistogramView.m in Sources */ = {isa = PBXBuildFile; fileRef = 813040091EB04C1B002D54E7 /* HistogramView.m */; };
		813040151EB04C8D002D54E7 /* STConst.m in Sources */ = {isa = PBXBuildFile; fileRef = 813040101EB04C8D002D54E7 /* STConst.m */; };
		813040161EB04C8D002D54E7 /* STUI.m in Sources */ = {isa = PBXBuildFile; fileRef = 813040121EB04C8D002D54E7 /* STUI.m */; };
		813040171EB04C8D002D54E7 /* UIView+ST.m in Sources */ = {isa = PBXBuildFile; fileRef = 813040141EB04C8D002D54E7 /* UIView+ST.m */; };
		813040231EB04CBA002D54E7 /* STAlertView.m in Sources */ = {isa = PBXBuildFile; fileRef = 8130401A1EB04CBA002D54E7 /* STAlertView.m */; };
		813040241EB04CBA002D54E7 /* STIndicatorView.m in Sources */ = {isa = PBXBuildFile; fileRef = 8130401C1EB04CBA002D54E7 /* STIndicatorView.m */; };
		813040251EB04CBA002D54E7 /* STPhotoBrowserController.m in Sources */ = {isa = PBXBuildFile; fileRef = 8130401E1EB04CBA002D54E7 /* STPhotoBrowserController.m */; };
		813040261EB04CBA002D54E7 /* STPhotoBrowserView.m in Sources */ = {isa = PBXBuildFile; fileRef = 813040201EB04CBA002D54E7 /* STPhotoBrowserView.m */; };
		813040271EB04CBA002D54E7 /* YN_Cell.m in Sources */ = {isa = PBXBuildFile; fileRef = 813040221EB04CBA002D54E7 /* YN_Cell.m */; };
		813040361EB0822A002D54E7 /* WLImage.m in Sources */ = {isa = PBXBuildFile; fileRef = 813040351EB0822A002D54E7 /* WLImage.m */; };
		8130403B1EB08397002D54E7 /* OpenModel.m in Sources */ = {isa = PBXBuildFile; fileRef = 8130403A1EB08397002D54E7 /* OpenModel.m */; };
		81B52CF91EB0416F0076D1C3 /* main.m in Sources */ = {isa = PBXBuildFile; fileRef = 81B52CF81EB0416F0076D1C3 /* main.m */; };
		81B52CFC1EB0416F0076D1C3 /* AppDelegate.m in Sources */ = {isa = PBXBuildFile; fileRef = 81B52CFB1EB0416F0076D1C3 /* AppDelegate.m */; };
		81B52CFF1EB041700076D1C3 /* ViewController.m in Sources */ = {isa = PBXBuildFile; fileRef = 81B52CFE1EB041700076D1C3 /* ViewController.m */; };
		81B52D021EB041700076D1C3 /* Main.storyboard in Resources */ = {isa = PBXBuildFile; fileRef = 81B52D001EB041700076D1C3 /* Main.storyboard */; };
		81B52D041EB041700076D1C3 /* Assets.xcassets in Resources */ = {isa = PBXBuildFile; fileRef = 81B52D031EB041700076D1C3 /* Assets.xcassets */; };
		81B52D071EB041700076D1C3 /* LaunchScreen.storyboard in Resources */ = {isa = PBXBuildFile; fileRef = 81B52D051EB041700076D1C3 /* LaunchScreen.storyboard */; };
/* End PBXBuildFile section */

/* Begin PBXFileReference section */
		81303FF01EB049FD002D54E7 /* YN_GalleryVC.h */ = {isa = PBXFileReference; fileEncoding = 4; lastKnownFileType = sourcecode.c.h; path = YN_GalleryVC.h; sourceTree = "<group>"; };
		81303FF11EB049FD002D54E7 /* YN_GalleryVC.m */ = {isa = PBXFileReference; fileEncoding = 4; lastKnownFileType = sourcecode.c.objc; path = YN_GalleryVC.m; sourceTree = "<group>"; };
		81303FF31EB04AE7002D54E7 /* Image_Show_VC.h */ = {isa = PBXFileReference; fileEncoding = 4; lastKnownFileType = sourcecode.c.h; path = Image_Show_VC.h; sourceTree = "<group>"; };
		81303FF41EB04AE7002D54E7 /* Image_Show_VC.m */ = {isa = PBXFileReference; fileEncoding = 4; lastKnownFileType = sourcecode.c.objc; path = Image_Show_VC.m; sourceTree = "<group>"; };
		81303FF81EB04B98002D54E7 /* CircleProgressView.h */ = {isa = PBXFileReference; fileEncoding = 4; lastKnownFileType = sourcecode.c.h; path = CircleProgressView.h; sourceTree = "<group>"; };
		81303FF91EB04B98002D54E7 /* CircleProgressView.m */ = {isa = PBXFileReference; fileEncoding = 4; lastKnownFileType = sourcecode.c.objc; path = CircleProgressView.m; sourceTree = "<group>"; };
		81303FFC1EB04BC0002D54E7 /* ExifTableView.h */ = {isa = PBXFileReference; fileEncoding = 4; lastKnownFileType = sourcecode.c.h; path = ExifTableView.h; sourceTree = "<group>"; };
		81303FFD1EB04BC0002D54E7 /* ExifTableView.m */ = {isa = PBXFileReference; fileEncoding = 4; lastKnownFileType = sourcecode.c.objc; path = ExifTableView.m; sourceTree = "<group>"; };
		813040001EB04BF7002D54E7 /* WWimageExitInfo.h */ = {isa = PBXFileReference; fileEncoding = 4; lastKnownFileType = sourcecode.c.h; path = WWimageExitInfo.h; sourceTree = "<group>"; };
		813040011EB04BF7002D54E7 /* WWimageExitInfo.m */ = {isa = PBXFileReference; fileEncoding = 4; lastKnownFileType = sourcecode.c.objc; path = WWimageExitInfo.m; sourceTree = "<group>"; };
		813040041EB04C1B002D54E7 /* ClsDraw.h */ = {isa = PBXFileReference; fileEncoding = 4; lastKnownFileType = sourcecode.c.h; path = ClsDraw.h; sourceTree = "<group>"; };
		813040051EB04C1B002D54E7 /* ClsDraw.m */ = {isa = PBXFileReference; fileEncoding = 4; lastKnownFileType = sourcecode.c.objc; path = ClsDraw.m; sourceTree = "<group>"; };
		813040061EB04C1B002D54E7 /* ClsDrawPoint.h */ = {isa = PBXFileReference; fileEncoding = 4; lastKnownFileType = sourcecode.c.h; path = ClsDrawPoint.h; sourceTree = "<group>"; };
		813040071EB04C1B002D54E7 /* ClsDrawPoint.m */ = {isa = PBXFileReference; fileEncoding = 4; lastKnownFileType = sourcecode.c.objc; path = ClsDrawPoint.m; sourceTree = "<group>"; };
		813040081EB04C1B002D54E7 /* HistogramView.h */ = {isa = PBXFileReference; fileEncoding = 4; lastKnownFileType = sourcecode.c.h; path = HistogramView.h; sourceTree = "<group>"; };
		813040091EB04C1B002D54E7 /* HistogramView.m */ = {isa = PBXFileReference; fileEncoding = 4; lastKnownFileType = sourcecode.c.objc; path = HistogramView.m; sourceTree = "<group>"; };
		8130400E1EB04C8D002D54E7 /* STConfig.h */ = {isa = PBXFileReference; fileEncoding = 4; lastKnownFileType = sourcecode.c.h; path = STConfig.h; sourceTree = "<group>"; };
		8130400F1EB04C8D002D54E7 /* STConst.h */ = {isa = PBXFileReference; fileEncoding = 4; lastKnownFileType = sourcecode.c.h; path = STConst.h; sourceTree = "<group>"; };
		813040101EB04C8D002D54E7 /* STConst.m */ = {isa = PBXFileReference; fileEncoding = 4; lastKnownFileType = sourcecode.c.objc; path = STConst.m; sourceTree = "<group>"; };
		813040111EB04C8D002D54E7 /* STUI.h */ = {isa = PBXFileReference; fileEncoding = 4; lastKnownFileType = sourcecode.c.h; path = STUI.h; sourceTree = "<group>"; };
		813040121EB04C8D002D54E7 /* STUI.m */ = {isa = PBXFileReference; fileEncoding = 4; lastKnownFileType = sourcecode.c.objc; path = STUI.m; sourceTree = "<group>"; };
		813040131EB04C8D002D54E7 /* UIView+ST.h */ = {isa = PBXFileReference; fileEncoding = 4; lastKnownFileType = sourcecode.c.h; path = "UIView+ST.h"; sourceTree = "<group>"; };
		813040141EB04C8D002D54E7 /* UIView+ST.m */ = {isa = PBXFileReference; fileEncoding = 4; lastKnownFileType = sourcecode.c.objc; path = "UIView+ST.m"; sourceTree = "<group>"; };
		813040191EB04CBA002D54E7 /* STAlertView.h */ = {isa = PBXFileReference; fileEncoding = 4; lastKnownFileType = sourcecode.c.h; path = STAlertView.h; sourceTree = "<group>"; };
		8130401A1EB04CBA002D54E7 /* STAlertView.m */ = {isa = PBXFileReference; fileEncoding = 4; lastKnownFileType = sourcecode.c.objc; path = STAlertView.m; sourceTree = "<group>"; };
		8130401B1EB04CBA002D54E7 /* STIndicatorView.h */ = {isa = PBXFileReference; fileEncoding = 4; lastKnownFileType = sourcecode.c.h; path = STIndicatorView.h; sourceTree = "<group>"; };
		8130401C1EB04CBA002D54E7 /* STIndicatorView.m */ = {isa = PBXFileReference; fileEncoding = 4; lastKnownFileType = sourcecode.c.objc; path = STIndicatorView.m; sourceTree = "<group>"; };
		8130401D1EB04CBA002D54E7 /* STPhotoBrowserController.h */ = {isa = PBXFileReference; fileEncoding = 4; lastKnownFileType = sourcecode.c.h; path = STPhotoBrowserController.h; sourceTree = "<group>"; };
		8130401E1EB04CBA002D54E7 /* STPhotoBrowserController.m */ = {isa = PBXFileReference; fileEncoding = 4; lastKnownFileType = sourcecode.c.objc; path = STPhotoBrowserController.m; sourceTree = "<group>"; };
		8130401F1EB04CBA002D54E7 /* STPhotoBrowserView.h */ = {isa = PBXFileReference; fileEncoding = 4; lastKnownFileType = sourcecode.c.h; path = STPhotoBrowserView.h; sourceTree = "<group>"; };
		813040201EB04CBA002D54E7 /* STPhotoBrowserView.m */ = {isa = PBXFileReference; fileEncoding = 4; lastKnownFileType = sourcecode.c.objc; path = STPhotoBrowserView.m; sourceTree = "<group>"; };
		813040211EB04CBA002D54E7 /* YN_Cell.h */ = {isa = PBXFileReference; fileEncoding = 4; lastKnownFileType = sourcecode.c.h; path = YN_Cell.h; sourceTree = "<group>"; };
		813040221EB04CBA002D54E7 /* YN_Cell.m */ = {isa = PBXFileReference; fileEncoding = 4; lastKnownFileType = sourcecode.c.objc; path = YN_Cell.m; sourceTree = "<group>"; };
		813040341EB0822A002D54E7 /* WLImage.h */ = {isa = PBXFileReference; fileEncoding = 4; lastKnownFileType = sourcecode.c.h; path = WLImage.h; sourceTree = "<group>"; };
		813040351EB0822A002D54E7 /* WLImage.m */ = {isa = PBXFileReference; fileEncoding = 4; lastKnownFileType = sourcecode.c.objc; path = WLImage.m; sourceTree = "<group>"; };
		813040391EB08397002D54E7 /* OpenModel.h */ = {isa = PBXFileReference; fileEncoding = 4; lastKnownFileType = sourcecode.c.h; path = OpenModel.h; sourceTree = "<group>"; };
		8130403A1EB08397002D54E7 /* OpenModel.m */ = {isa = PBXFileReference; fileEncoding = 4; lastKnownFileType = sourcecode.c.objc; path = OpenModel.m; sourceTree = "<group>"; };
		81B52CF41EB0416F0076D1C3 /* WLGallery.app */ = {isa = PBXFileReference; explicitFileType = wrapper.application; includeInIndex = 0; path = WLGallery.app; sourceTree = BUILT_PRODUCTS_DIR; };
		81B52CF81EB0416F0076D1C3 /* main.m */ = {isa = PBXFileReference; lastKnownFileType = sourcecode.c.objc; path = main.m; sourceTree = "<group>"; };
		81B52CFA1EB0416F0076D1C3 /* AppDelegate.h */ = {isa = PBXFileReference; lastKnownFileType = sourcecode.c.h; path = AppDelegate.h; sourceTree = "<group>"; };
		81B52CFB1EB0416F0076D1C3 /* AppDelegate.m */ = {isa = PBXFileReference; lastKnownFileType = sourcecode.c.objc; path = AppDelegate.m; sourceTree = "<group>"; };
		81B52CFD1EB0416F0076D1C3 /* ViewController.h */ = {isa = PBXFileReference; lastKnownFileType = sourcecode.c.h; path = ViewController.h; sourceTree = "<group>"; };
		81B52CFE1EB041700076D1C3 /* ViewController.m */ = {isa = PBXFileReference; lastKnownFileType = sourcecode.c.objc; path = ViewController.m; sourceTree = "<group>"; };
		81B52D011EB041700076D1C3 /* Base */ = {isa = PBXFileReference; lastKnownFileType = file.storyboard; name = Base; path = Base.lproj/Main.storyboard; sourceTree = "<group>"; };
		81B52D031EB041700076D1C3 /* Assets.xcassets */ = {isa = PBXFileReference; lastKnownFileType = folder.assetcatalog; path = Assets.xcassets; sourceTree = "<group>"; };
		81B52D061EB041700076D1C3 /* Base */ = {isa = PBXFileReference; lastKnownFileType = file.storyboard; name = Base; path = Base.lproj/LaunchScreen.storyboard; sourceTree = "<group>"; };
		81B52D081EB041700076D1C3 /* Info.plist */ = {isa = PBXFileReference; lastKnownFileType = text.plist.xml; path = Info.plist; sourceTree = "<group>"; };
		A29A382A9F32CDA0BBA6C348 /* Pods-WLGallery.debug.xcconfig */ = {isa = PBXFileReference; includeInIndex = 1; lastKnownFileType = text.xcconfig; name = "Pods-WLGallery.debug.xcconfig"; path = "Pods/Target Support Files/Pods-WLGallery/Pods-WLGallery.debug.xcconfig"; sourceTree = "<group>"; };
		A7B38B8DE2182EED9D28E988 /* Pods-WLGallery.release.xcconfig */ = {isa = PBXFileReference; includeInIndex = 1; lastKnownFileType = text.xcconfig; name = "Pods-WLGallery.release.xcconfig"; path = "Pods/Target Support Files/Pods-WLGallery/Pods-WLGallery.release.xcconfig"; sourceTree = "<group>"; };
		D33F72E9B02A84644BFA0582 /* libPods-WLGallery.a */ = {isa = PBXFileReference; explicitFileType = archive.ar; includeInIndex = 0; path = "libPods-WLGallery.a"; sourceTree = BUILT_PRODUCTS_DIR; };
/* End PBXFileReference section */

/* Begin PBXFrameworksBuildPhase section */
		81B52CF11EB0416F0076D1C3 /* Frameworks */ = {
			isa = PBXFrameworksBuildPhase;
			buildActionMask = 2147483647;
			files = (
				4F515727BFD24717CE13C503 /* libPods-WLGallery.a in Frameworks */,
			);
			runOnlyForDeploymentPostprocessing = 0;
		};
/* End PBXFrameworksBuildPhase section */

/* Begin PBXGroup section */
		114CFDC29EF2D413DA448A28 /* Frameworks */ = {
			isa = PBXGroup;
			children = (
				D33F72E9B02A84644BFA0582 /* libPods-WLGallery.a */,
			);
			name = Frameworks;
			sourceTree = "<group>";
		};
		4493141B3F5E99B8A51D5506 /* Pods */ = {
			isa = PBXGroup;
			children = (
				A29A382A9F32CDA0BBA6C348 /* Pods-WLGallery.debug.xcconfig */,
				A7B38B8DE2182EED9D28E988 /* Pods-WLGallery.release.xcconfig */,
			);
			name = Pods;
			sourceTree = "<group>";
		};
		81303FEE1EB0494F002D54E7 /* iamges */ = {
			isa = PBXGroup;
			children = (
				813040181EB04C9D002D54E7 /* STPhotoBrowserView */,
				8130400D1EB04C5C002D54E7 /* STPhotoBrowserConfig */,
				813040031EB04C04002D54E7 /* Histogram */,
				81303FFF1EB04BCF002D54E7 /* Exif */,
				81303FFB1EB04BAA002D54E7 /* ExifTable */,
				81303FF61EB04B7C002D54E7 /* ProgressView */,
				81303FF31EB04AE7002D54E7 /* Image_Show_VC.h */,
				81303FF41EB04AE7002D54E7 /* Image_Show_VC.m */,
			);
			name = iamges;
			sourceTree = "<group>";
		};
		81303FEF1EB0495D002D54E7 /* thumbs */ = {
			isa = PBXGroup;
			children = (
				81303FF01EB049FD002D54E7 /* YN_GalleryVC.h */,
				81303FF11EB049FD002D54E7 /* YN_GalleryVC.m */,
			);
			name = thumbs;
			sourceTree = "<group>";
		};
		81303FF61EB04B7C002D54E7 /* ProgressView */ = {
			isa = PBXGroup;
			children = (
				81303FF71EB04B98002D54E7 /* CircleProgressView */,
			);
			name = ProgressView;
			sourceTree = "<group>";
		};
		81303FF71EB04B98002D54E7 /* CircleProgressView */ = {
			isa = PBXGroup;
			children = (
				81303FF81EB04B98002D54E7 /* CircleProgressView.h */,
				81303FF91EB04B98002D54E7 /* CircleProgressView.m */,
			);
			path = CircleProgressView;
			sourceTree = "<group>";
		};
		81303FFB1EB04BAA002D54E7 /* ExifTable */ = {
			isa = PBXGroup;
			children = (
				81303FFC1EB04BC0002D54E7 /* ExifTableView.h */,
				81303FFD1EB04BC0002D54E7 /* ExifTableView.m */,
			);
			name = ExifTable;
			sourceTree = "<group>";
		};
		81303FFF1EB04BCF002D54E7 /* Exif */ = {
			isa = PBXGroup;
			children = (
				813040001EB04BF7002D54E7 /* WWimageExitInfo.h */,
				813040011EB04BF7002D54E7 /* WWimageExitInfo.m */,
			);
			name = Exif;
			sourceTree = "<group>";
		};
		813040031EB04C04002D54E7 /* Histogram */ = {
			isa = PBXGroup;
			children = (
				813040041EB04C1B002D54E7 /* ClsDraw.h */,
				813040051EB04C1B002D54E7 /* ClsDraw.m */,
				813040061EB04C1B002D54E7 /* ClsDrawPoint.h */,
				813040071EB04C1B002D54E7 /* ClsDrawPoint.m */,
				813040081EB04C1B002D54E7 /* HistogramView.h */,
				813040091EB04C1B002D54E7 /* HistogramView.m */,
			);
			name = Histogram;
			sourceTree = "<group>";
		};
		8130400D1EB04C5C002D54E7 /* STPhotoBrowserConfig */ = {
			isa = PBXGroup;
			children = (
				8130400E1EB04C8D002D54E7 /* STConfig.h */,
				8130400F1EB04C8D002D54E7 /* STConst.h */,
				813040101EB04C8D002D54E7 /* STConst.m */,
				813040111EB04C8D002D54E7 /* STUI.h */,
				813040121EB04C8D002D54E7 /* STUI.m */,
				813040131EB04C8D002D54E7 /* UIView+ST.h */,
				813040141EB04C8D002D54E7 /* UIView+ST.m */,
			);
			name = STPhotoBrowserConfig;
			sourceTree = "<group>";
		};
		813040181EB04C9D002D54E7 /* STPhotoBrowserView */ = {
			isa = PBXGroup;
			children = (
				813040191EB04CBA002D54E7 /* STAlertView.h */,
				8130401A1EB04CBA002D54E7 /* STAlertView.m */,
				8130401B1EB04CBA002D54E7 /* STIndicatorView.h */,
				8130401C1EB04CBA002D54E7 /* STIndicatorView.m */,
				8130401D1EB04CBA002D54E7 /* STPhotoBrowserController.h */,
				8130401E1EB04CBA002D54E7 /* STPhotoBrowserController.m */,
				8130401F1EB04CBA002D54E7 /* STPhotoBrowserView.h */,
				813040201EB04CBA002D54E7 /* STPhotoBrowserView.m */,
				813040211EB04CBA002D54E7 /* YN_Cell.h */,
				813040221EB04CBA002D54E7 /* YN_Cell.m */,
			);
			name = STPhotoBrowserView;
			sourceTree = "<group>";
		};
		813040311EB081CC002D54E7 /* model */ = {
			isa = PBXGroup;
			children = (
				813040381EB0836B002D54E7 /* OpenModel */,
				813040371EB08360002D54E7 /* WLImage */,
			);
			name = model;
			sourceTree = "<group>";
		};
		813040371EB08360002D54E7 /* WLImage */ = {
			isa = PBXGroup;
			children = (
				813040341EB0822A002D54E7 /* WLImage.h */,
				813040351EB0822A002D54E7 /* WLImage.m */,
			);
			name = WLImage;
			sourceTree = "<group>";
		};
		813040381EB0836B002D54E7 /* OpenModel */ = {
			isa = PBXGroup;
			children = (
				813040391EB08397002D54E7 /* OpenModel.h */,
				8130403A1EB08397002D54E7 /* OpenModel.m */,
			);
			name = OpenModel;
			sourceTree = "<group>";
		};
		81B52CEB1EB0416F0076D1C3 = {
			isa = PBXGroup;
			children = (
				81B52CF61EB0416F0076D1C3 /* WLGallery */,
				81B52CF51EB0416F0076D1C3 /* Products */,
				4493141B3F5E99B8A51D5506 /* Pods */,
				114CFDC29EF2D413DA448A28 /* Frameworks */,
			);
			sourceTree = "<group>";
		};
		81B52CF51EB0416F0076D1C3 /* Products */ = {
			isa = PBXGroup;
			children = (
				81B52CF41EB0416F0076D1C3 /* WLGallery.app */,
			);
			name = Products;
			sourceTree = "<group>";
		};
		81B52CF61EB0416F0076D1C3 /* WLGallery */ = {
			isa = PBXGroup;
			children = (
				813040311EB081CC002D54E7 /* model */,
				81303FEF1EB0495D002D54E7 /* thumbs */,
				81303FEE1EB0494F002D54E7 /* iamges */,
				81B52CFA1EB0416F0076D1C3 /* AppDelegate.h */,
				81B52CFB1EB0416F0076D1C3 /* AppDelegate.m */,
				81B52CFD1EB0416F0076D1C3 /* ViewController.h */,
				81B52CFE1EB041700076D1C3 /* ViewController.m */,
				81B52D001EB041700076D1C3 /* Main.storyboard */,
				81B52D031EB041700076D1C3 /* Assets.xcassets */,
				81B52D051EB041700076D1C3 /* LaunchScreen.storyboard */,
				81B52D081EB041700076D1C3 /* Info.plist */,
				81B52CF71EB0416F0076D1C3 /* Supporting Files */,
			);
			path = WLGallery;
			sourceTree = "<group>";
		};
		81B52CF71EB0416F0076D1C3 /* Supporting Files */ = {
			isa = PBXGroup;
			children = (
				81B52CF81EB0416F0076D1C3 /* main.m */,
			);
			name = "Supporting Files";
			sourceTree = "<group>";
		};
/* End PBXGroup section */

/* Begin PBXNativeTarget section */
		81B52CF31EB0416F0076D1C3 /* WLGallery */ = {
			isa = PBXNativeTarget;
			buildConfigurationList = 81B52D0B1EB041700076D1C3 /* Build configuration list for PBXNativeTarget "WLGallery" */;
			buildPhases = (
				746FF65965759CCFD3DAF2CE /* [CP] Check Pods Manifest.lock */,
				81B52CF01EB0416F0076D1C3 /* Sources */,
				81B52CF11EB0416F0076D1C3 /* Frameworks */,
				81B52CF21EB0416F0076D1C3 /* Resources */,
				99903980B77457E136D21D2B /* [CP] Embed Pods Frameworks */,
				2268BE759388276F3688350A /* [CP] Copy Pods Resources */,
			);
			buildRules = (
			);
			dependencies = (
			);
			name = WLGallery;
			productName = WLGallery;
			productReference = 81B52CF41EB0416F0076D1C3 /* WLGallery.app */;
			productType = "com.apple.product-type.application";
		};
/* End PBXNativeTarget section */

/* Begin PBXProject section */
		81B52CEC1EB0416F0076D1C3 /* Project object */ = {
			isa = PBXProject;
			attributes = {
				LastUpgradeCheck = 0830;
				ORGANIZATIONNAME = "王立";
				TargetAttributes = {
					81B52CF31EB0416F0076D1C3 = {
						CreatedOnToolsVersion = 8.3.2;
						DevelopmentTeam = 2LKZ2M757U;
						ProvisioningStyle = Automatic;
					};
				};
			};
			buildConfigurationList = 81B52CEF1EB0416F0076D1C3 /* Build configuration list for PBXProject "WLGallery" */;
			compatibilityVersion = "Xcode 3.2";
			developmentRegion = English;
			hasScannedForEncodings = 0;
			knownRegions = (
				en,
				Base,
				"zh-Hans",
				"zh-Hant",
			);
			mainGroup = 81B52CEB1EB0416F0076D1C3;
			productRefGroup = 81B52CF51EB0416F0076D1C3 /* Products */;
			projectDirPath = "";
			projectRoot = "";
			targets = (
				81B52CF31EB0416F0076D1C3 /* WLGallery */,
			);
		};
/* End PBXProject section */

/* Begin PBXResourcesBuildPhase section */
		81B52CF21EB0416F0076D1C3 /* Resources */ = {
			isa = PBXResourcesBuildPhase;
			buildActionMask = 2147483647;
			files = (
				81B52D071EB041700076D1C3 /* LaunchScreen.storyboard in Resources */,
				81B52D041EB041700076D1C3 /* Assets.xcassets in Resources */,
				81B52D021EB041700076D1C3 /* Main.storyboard in Resources */,
			);
			runOnlyForDeploymentPostprocessing = 0;
		};
/* End PBXResourcesBuildPhase section */

/* Begin PBXShellScriptBuildPhase section */
		2268BE759388276F3688350A /* [CP] Copy Pods Resources */ = {
			isa = PBXShellScriptBuildPhase;
			buildActionMask = 2147483647;
			files = (
			);
			inputPaths = (
			);
			name = "[CP] Copy Pods Resources";
			outputPaths = (
			);
			runOnlyForDeploymentPostprocessing = 0;
			shellPath = /bin/sh;
			shellScript = "\"${SRCROOT}/Pods/Target Support Files/Pods-WLGallery/Pods-WLGallery-resources.sh\"\n";
			showEnvVarsInLog = 0;
		};
		746FF65965759CCFD3DAF2CE /* [CP] Check Pods Manifest.lock */ = {
			isa = PBXShellScriptBuildPhase;
			buildActionMask = 2147483647;
			files = (
			);
			inputPaths = (
			);
			name = "[CP] Check Pods Manifest.lock";
			outputPaths = (
			);
			runOnlyForDeploymentPostprocessing = 0;
			shellPath = /bin/sh;
			shellScript = "diff \"${PODS_ROOT}/../Podfile.lock\" \"${PODS_ROOT}/Manifest.lock\" > /dev/null\nif [ $? != 0 ] ; then\n    # print error to STDERR\n    echo \"error: The sandbox is not in sync with the Podfile.lock. Run 'pod install' or update your CocoaPods installation.\" >&2\n    exit 1\nfi\n";
			showEnvVarsInLog = 0;
		};
		99903980B77457E136D21D2B /* [CP] Embed Pods Frameworks */ = {
			isa = PBXShellScriptBuildPhase;
			buildActionMask = 2147483647;
			files = (
			);
			inputPaths = (
			);
			name = "[CP] Embed Pods Frameworks";
			outputPaths = (
			);
			runOnlyForDeploymentPostprocessing = 0;
			shellPath = /bin/sh;
			shellScript = "\"${SRCROOT}/Pods/Target Support Files/Pods-WLGallery/Pods-WLGallery-frameworks.sh\"\n";
			showEnvVarsInLog = 0;
		};
/* End PBXShellScriptBuildPhase section */

/* Begin PBXSourcesBuildPhase section */
		81B52CF01EB0416F0076D1C3 /* Sources */ = {
			isa = PBXSourcesBuildPhase;
			buildActionMask = 2147483647;
			files = (
				813040161EB04C8D002D54E7 /* STUI.m in Sources */,
				81303FF21EB049FD002D54E7 /* YN_GalleryVC.m in Sources */,
				813040251EB04CBA002D54E7 /* STPhotoBrowserController.m in Sources */,
				8130400C1EB04C1B002D54E7 /* HistogramView.m in Sources */,
				8130403B1EB08397002D54E7 /* OpenModel.m in Sources */,
				81303FF51EB04AE7002D54E7 /* Image_Show_VC.m in Sources */,
				813040261EB04CBA002D54E7 /* STPhotoBrowserView.m in Sources */,
				813040231EB04CBA002D54E7 /* STAlertView.m in Sources */,
				81B52CFF1EB041700076D1C3 /* ViewController.m in Sources */,
				8130400B1EB04C1B002D54E7 /* ClsDrawPoint.m in Sources */,
				813040021EB04BF7002D54E7 /* WWimageExitInfo.m in Sources */,
				813040361EB0822A002D54E7 /* WLImage.m in Sources */,
				813040151EB04C8D002D54E7 /* STConst.m in Sources */,
				81B52CFC1EB0416F0076D1C3 /* AppDelegate.m in Sources */,
				81B52CF91EB0416F0076D1C3 /* main.m in Sources */,
				813040241EB04CBA002D54E7 /* STIndicatorView.m in Sources */,
				81303FFA1EB04B98002D54E7 /* CircleProgressView.m in Sources */,
				813040271EB04CBA002D54E7 /* YN_Cell.m in Sources */,
				8130400A1EB04C1B002D54E7 /* ClsDraw.m in Sources */,
				81303FFE1EB04BC0002D54E7 /* ExifTableView.m in Sources */,
				813040171EB04C8D002D54E7 /* UIView+ST.m in Sources */,
			);
			runOnlyForDeploymentPostprocessing = 0;
		};
/* End PBXSourcesBuildPhase section */

/* Begin PBXVariantGroup section */
		81B52D001EB041700076D1C3 /* Main.storyboard */ = {
			isa = PBXVariantGroup;
			children = (
				81B52D011EB041700076D1C3 /* Base */,
			);
			name = Main.storyboard;
			sourceTree = "<group>";
		};
		81B52D051EB041700076D1C3 /* LaunchScreen.storyboard */ = {
			isa = PBXVariantGroup;
			children = (
				81B52D061EB041700076D1C3 /* Base */,
			);
			name = LaunchScreen.storyboard;
			sourceTree = "<group>";
		};
/* End PBXVariantGroup section */

/* Begin XCBuildConfiguration section */
		81B52D091EB041700076D1C3 /* Debug */ = {
			isa = XCBuildConfiguration;
			buildSettings = {
				ALWAYS_SEARCH_USER_PATHS = NO;
				CLANG_ANALYZER_NONNULL = YES;
				CLANG_ANALYZER_NUMBER_OBJECT_CONVERSION = YES_AGGRESSIVE;
				CLANG_CXX_LANGUAGE_STANDARD = "gnu++0x";
				CLANG_CXX_LIBRARY = "libc++";
				CLANG_ENABLE_MODULES = YES;
				CLANG_ENABLE_OBJC_ARC = YES;
				CLANG_WARN_BOOL_CONVERSION = YES;
				CLANG_WARN_CONSTANT_CONVERSION = YES;
				CLANG_WARN_DIRECT_OBJC_ISA_USAGE = YES_ERROR;
				CLANG_WARN_DOCUMENTATION_COMMENTS = YES;
				CLANG_WARN_EMPTY_BODY = YES;
				CLANG_WARN_ENUM_CONVERSION = YES;
				CLANG_WARN_INFINITE_RECURSION = YES;
				CLANG_WARN_INT_CONVERSION = YES;
				CLANG_WARN_OBJC_ROOT_CLASS = YES_ERROR;
				CLANG_WARN_SUSPICIOUS_MOVE = YES;
				CLANG_WARN_UNREACHABLE_CODE = YES;
				CLANG_WARN__DUPLICATE_METHOD_MATCH = YES;
				"CODE_SIGN_IDENTITY[sdk=iphoneos*]" = "iPhone Developer";
				COPY_PHASE_STRIP = NO;
				DEBUG_INFORMATION_FORMAT = dwarf;
				ENABLE_STRICT_OBJC_MSGSEND = YES;
				ENABLE_TESTABILITY = YES;
				GCC_C_LANGUAGE_STANDARD = gnu99;
				GCC_DYNAMIC_NO_PIC = NO;
				GCC_NO_COMMON_BLOCKS = YES;
				GCC_OPTIMIZATION_LEVEL = 0;
				GCC_PREPROCESSOR_DEFINITIONS = (
					"DEBUG=1",
					"$(inherited)",
				);
				GCC_WARN_64_TO_32_BIT_CONVERSION = YES;
				GCC_WARN_ABOUT_RETURN_TYPE = YES_ERROR;
				GCC_WARN_UNDECLARED_SELECTOR = YES;
				GCC_WARN_UNINITIALIZED_AUTOS = YES_AGGRESSIVE;
				GCC_WARN_UNUSED_FUNCTION = YES;
				GCC_WARN_UNUSED_VARIABLE = YES;
				IPHONEOS_DEPLOYMENT_TARGET = 10.3;
				MTL_ENABLE_DEBUG_INFO = YES;
				ONLY_ACTIVE_ARCH = YES;
				SDKROOT = iphoneos;
				TARGETED_DEVICE_FAMILY = "1,2";
			};
			name = Debug;
		};
		81B52D0A1EB041700076D1C3 /* Release */ = {
			isa = XCBuildConfiguration;
			buildSettings = {
				ALWAYS_SEARCH_USER_PATHS = NO;
				CLANG_ANALYZER_NONNULL = YES;
				CLANG_ANALYZER_NUMBER_OBJECT_CONVERSION = YES_AGGRESSIVE;
				CLANG_CXX_LANGUAGE_STANDARD = "gnu++0x";
				CLANG_CXX_LIBRARY = "libc++";
				CLANG_ENABLE_MODULES = YES;
				CLANG_ENABLE_OBJC_ARC = YES;
				CLANG_WARN_BOOL_CONVERSION = YES;
				CLANG_WARN_CONSTANT_CONVERSION = YES;
				CLANG_WARN_DIRECT_OBJC_ISA_USAGE = YES_ERROR;
				CLANG_WARN_DOCUMENTATION_COMMENTS = YES;
				CLANG_WARN_EMPTY_BODY = YES;
				CLANG_WARN_ENUM_CONVERSION = YES;
				CLANG_WARN_INFINITE_RECURSION = YES;
				CLANG_WARN_INT_CONVERSION = YES;
				CLANG_WARN_OBJC_ROOT_CLASS = YES_ERROR;
				CLANG_WARN_SUSPICIOUS_MOVE = YES;
				CLANG_WARN_UNREACHABLE_CODE = YES;
				CLANG_WARN__DUPLICATE_METHOD_MATCH = YES;
				"CODE_SIGN_IDENTITY[sdk=iphoneos*]" = "iPhone Developer";
				COPY_PHASE_STRIP = NO;
				DEBUG_INFORMATION_FORMAT = "dwarf-with-dsym";
				ENABLE_NS_ASSERTIONS = NO;
				ENABLE_STRICT_OBJC_MSGSEND = YES;
				GCC_C_LANGUAGE_STANDARD = gnu99;
				GCC_NO_COMMON_BLOCKS = YES;
				GCC_WARN_64_TO_32_BIT_CONVERSION = YES;
				GCC_WARN_ABOUT_RETURN_TYPE = YES_ERROR;
				GCC_WARN_UNDECLARED_SELECTOR = YES;
				GCC_WARN_UNINITIALIZED_AUTOS = YES_AGGRESSIVE;
				GCC_WARN_UNUSED_FUNCTION = YES;
				GCC_WARN_UNUSED_VARIABLE = YES;
				IPHONEOS_DEPLOYMENT_TARGET = 10.3;
				MTL_ENABLE_DEBUG_INFO = NO;
				SDKROOT = iphoneos;
				TARGETED_DEVICE_FAMILY = "1,2";
				VALIDATE_PRODUCT = YES;
			};
			name = Release;
		};
		81B52D0C1EB041700076D1C3 /* Debug */ = {
			isa = XCBuildConfiguration;
			baseConfigurationReference = A29A382A9F32CDA0BBA6C348 /* Pods-WLGallery.debug.xcconfig */;
			buildSettings = {
				ASSETCATALOG_COMPILER_APPICON_NAME = AppIcon;
				DEVELOPMENT_TEAM = 2LKZ2M757U;
				INFOPLIST_FILE = WLGallery/Info.plist;
				LD_RUNPATH_SEARCH_PATHS = "$(inherited) @executable_path/Frameworks";
				PRODUCT_BUNDLE_IDENTIFIER = com.hkyongnuo.WLGallery;
				PRODUCT_NAME = "$(TARGET_NAME)";
			};
			name = Debug;
		};
		81B52D0D1EB041700076D1C3 /* Release */ = {
			isa = XCBuildConfiguration;
			baseConfigurationReference = A7B38B8DE2182EED9D28E988 /* Pods-WLGallery.release.xcconfig */;
			buildSettings = {
				ASSETCATALOG_COMPILER_APPICON_NAME = AppIcon;
				DEVELOPMENT_TEAM = 2LKZ2M757U;
				INFOPLIST_FILE = WLGallery/Info.plist;
				LD_RUNPATH_SEARCH_PATHS = "$(inherited) @executable_path/Frameworks";
				PRODUCT_BUNDLE_IDENTIFIER = com.hkyongnuo.WLGallery;
				PRODUCT_NAME = "$(TARGET_NAME)";
			};
			name = Release;
		};
/* End XCBuildConfiguration section */

/* Begin XCConfigurationList section */
		81B52CEF1EB0416F0076D1C3 /* Build configuration list for PBXProject "WLGallery" */ = {
			isa = XCConfigurationList;
			buildConfigurations = (
				81B52D091EB041700076D1C3 /* Debug */,
				81B52D0A1EB041700076D1C3 /* Release */,
			);
			defaultConfigurationIsVisible = 0;
			defaultConfigurationName = Release;
		};
		81B52D0B1EB041700076D1C3 /* Build configuration list for PBXNativeTarget "WLGallery" */ = {
			isa = XCConfigurationList;
			buildConfigurations = (
				81B52D0C1EB041700076D1C3 /* Debug */,
				81B52D0D1EB041700076D1C3 /* Release */,
			);
			defaultConfigurationIsVisible = 0;
			defaultConfigurationName = Release;
		};
/* End XCConfigurationList section */
	};
	rootObject = 81B52CEC1EB0416F0076D1C3 /* Project object */;
}
